
Microsoft Visual Studio Solution File, Format Version 12.00
# Visual Studio Version 16
VisualStudioVersion = 16.0.31613.86
MinimumVisualStudioVersion = 10.0.40219.1
Project("{FAE04EC0-301F-11D3-BF4B-00C04F79EFBC}") = "livrariaAPIs", "livrariaAPIs\livrariaAPIs.csproj", "{AC1C10C6-5C5E-46C3-BEC9-532031BB49DC}"
EndProject
Global
	GlobalSection(SolutionConfigurationPlatforms) = preSolution
		Debug|Any CPU = Debug|Any CPU
		Release|Any CPU = Release|Any CPU
	EndGlobalSection
	GlobalSection(ProjectConfigurationPlatforms) = postSolution
		{AC1C10C6-5C5E-46C3-BEC9-532031BB49DC}.Debug|Any CPU.ActiveCfg = Debug|Any CPU
		{AC1C10C6-5C5E-46C3-BEC9-532031BB49DC}.Debug|Any CPU.Build.0 = Debug|Any CPU
		{AC1C10C6-5C5E-46C3-BEC9-532031BB49DC}.Release|Any CPU.ActiveCfg = Release|Any CPU
		{AC1C10C6-5C5E-46C3-BEC9-532031BB49DC}.Release|Any CPU.Build.0 = Release|Any CPU
	EndGlobalSection
	GlobalSection(SolutionProperties) = preSolution
		HideSolutionNode = FALSE
	EndGlobalSection
	GlobalSection(ExtensibilityGlobals) = postSolution
		SolutionGuid = {12D19A09-77D1-453F-860B-A415F19E6806}
	EndGlobalSection
EndGlobal
